
Microsoft Visual Studio Solution File, Format Version 12.00
# Visual Studio Version 17
VisualStudioVersion = 17.5.002.0
MinimumVisualStudioVersion = 10.0.40219.1
Project("{9A19103F-16F7-4668-BE54-9A1E7A4F7556}") = "Qurlify", "Qurlify\Qurlify.csproj", "{10968E38-BF67-4DB8-BE5A-158567136B5D}"
EndProject
Global
	GlobalSection(SolutionConfigurationPlatforms) = preSolution
		Debug|Any CPU = Debug|Any CPU
		Release|Any CPU = Release|Any CPU
	EndGlobalSection
	GlobalSection(ProjectConfigurationPlatforms) = postSolution
		{10968E38-BF67-4DB8-BE5A-158567136B5D}.Debug|Any CPU.ActiveCfg = Debug|Any CPU
		{10968E38-BF67-4DB8-BE5A-158567136B5D}.Debug|Any CPU.Build.0 = Debug|Any CPU
		{10968E38-BF67-4DB8-BE5A-158567136B5D}.Release|Any CPU.ActiveCfg = Release|Any CPU
		{10968E38-BF67-4DB8-BE5A-158567136B5D}.Release|Any CPU.Build.0 = Release|Any CPU
	EndGlobalSection
	GlobalSection(SolutionProperties) = preSolution
		HideSolutionNode = FALSE
	EndGlobalSection
	GlobalSection(ExtensibilityGlobals) = postSolution
		SolutionGuid = {1B029610-1D78-4495-AE17-A4C08FC9FA00}
	EndGlobalSection
EndGlobal
